{
  "version": 4,
  "terraform_version": "1.5.6",
  "serial": 25,
  "lineage": "2c9528b3-1c62-71b5-e926-8b0c3606c307",
  "outputs": {},
  "resources": [
    {
      "mode": "data",
      "type": "aws_ami",
      "name": "ami_number",
      "provider": "provider[\"registry.terraform.io/hashicorp/aws\"]",
      "instances": [
        {
          "schema_version": 0,
          "attributes": {
            "architecture": "x86_64",
            "arn": "arn:aws:ec2:eu-west-1::image/ami-08f32efd140b7d89f",
            "block_device_mappings": [
              {
                "device_name": "/dev/xvda",
                "ebs": {
                  "delete_on_termination": "true",
                  "encrypted": "false",
                  "iops": "3000",
                  "snapshot_id": "snap-03d22f487e5b924f7",
                  "throughput": "125",
                  "volume_size": "8",
                  "volume_type": "gp3"
                },
                "no_device": "",
                "virtual_name": ""
              }
            ],
            "boot_mode": "uefi-preferred",
            "creation_date": "2023-09-18T22:17:08.000Z",
            "deprecation_time": "2023-12-17T22:17:00.000Z",
            "description": "Amazon Linux 2023 AMI 2023.2.20230920.1 x86_64 HVM kernel-6.1",
            "ena_support": true,
            "executable_users": null,
            "filter": [
              {
                "name": "name",
                "values": [
                  "al2023-ami-2023*-kernel-*-x86_64"
                ]
              }
            ],
            "hypervisor": "xen",
            "id": "ami-08f32efd140b7d89f",
            "image_id": "ami-08f32efd140b7d89f",
            "image_location": "amazon/al2023-ami-2023.2.20230920.1-kernel-6.1-x86_64",
            "image_owner_alias": "amazon",
            "image_type": "machine",
            "imds_support": "v2.0",
            "include_deprecated": false,
            "kernel_id": "",
            "most_recent": true,
            "name": "al2023-ami-2023.2.20230920.1-kernel-6.1-x86_64",
            "name_regex": null,
            "owner_id": "137112412989",
            "owners": [
              "amazon"
            ],
            "platform": "",
            "platform_details": "Linux/UNIX",
            "product_codes": [],
            "public": true,
            "ramdisk_id": "",
            "root_device_name": "/dev/xvda",
            "root_device_type": "ebs",
            "root_snapshot_id": "snap-03d22f487e5b924f7",
            "sriov_net_support": "simple",
            "state": "available",
            "state_reason": {
              "code": "UNSET",
              "message": "UNSET"
            },
            "tags": {},
            "timeouts": null,
            "tpm_support": "",
            "usage_operation": "RunInstances",
            "virtualization_type": "hvm"
          },
          "sensitive_attributes": []
        }
      ]
    },
    {
      "mode": "data",
      "type": "vault_generic_secret",
      "name": "secret",
      "provider": "provider[\"registry.terraform.io/hashicorp/vault\"]",
      "instances": [
        {
          "schema_version": 0,
          "attributes": {
            "data": {
              "access_key": "AKIATSXB26MEDTHTVND7",
              "secret_key": "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",
              "ssh_key_value": "-----BEGIN RSA PRIVATE KEY-----\nMIIEowIBAAKCAQEAmb+ysmUZiPxcl2XZDPK3sLKcnF5OeYwvgqntxeetF+ZLGMI+\nPGN9a7y0Lvpy/sYQDmcJKTljngx4hkW/mVDejdkW0/T6iaFz8qKTLHx53SmsY0BM\ne9dARv4L0wqFTB+maZOtKdCHHp/y1Czo8+Rzt3Jc/+CUxGty5E/qRn0oJvIwDKP+\nL9Be17+Vargv3FoFbcgqn5pZKrgZTfo+AKcHOeMk+HC0WE8xHd92pbR5zwxxMExM\nCgZkhSOINdITQvetIc8vQMrR6vDfeXLav1+NI0d87Z4xHcq5ogjDOyi4LIGEIuP4\ntN9QX2Q05E/h1Fxb31LhShxCsUn1VomSz03diQIDAQABAoIBAEwslAaa3HnoPp+s\nEEu//Y6ID9vRRaQm9msQcgO5cyMCMHbF1jvpNvyn88XKxCrCSrY4CmvoSRjHKPet\nmu4FCR7STeMZ3v9NhLrUHYLO8TnIKebKtpos3WXO/GDFN6GtlK9+QS8UZ72elZrV\n3Vzo9QQQn08PH+XpLnU7uuDNpZUVaGrgd/L7fLrELXWEdlX3360SJ9P5rIi3qlOa\nPUcMrqAQpGbDGZ5OBz3gcDoNRZePmn2rWZnoPIgTckvh2VEjTLlNWrwxVoW+4NGN\nfsMy9lG4PYtG9H5VOiafz30aHyrk9V1Heb0Sk04riMZEiDY/T4Rwddu7Kt0Bnyjj\nCiOGoWECgYEAyLk7mvEfh84BHFfkut8nrnZW1FjjMnAdcP5RJ8c9KUO7T/Ne6ZvT\nZ1umwgLeFPxGFbA52HVJTi4iATjMVYIkhgWk70AiKrS+AMHkAjtzM+r6d0Xr4YHu\n3j7gsweAfy1B9ojH5Y8rJSPJpZw6+uNfnLjYVoHAE7WHVmwzOzQwOJ0CgYEAxBbN\nhQp4ZDHeEi/nT4EQ7eTulA5IxLmoDWh9w5p78LBCklcFlY3b8olY73bQ6MRKPnHh\nu53u0T2CNdVtRGBFILwefIqBbnftFyIKHuJcw+dPWImfS8xpdBLtW0yrO3b2AdxM\nfdT7nM6G77T3yjSG8Vve488+J+Ljv7WrU2g1lt0CgYAYirVj+2lchG6UVZbM1m4W\nobd6HSgiSZz/7MhlcbHjsrlbTCllrLzLXWRlQk5/CF1VV4erFKQS4AceWSB6r//h\nNx10d0X2LMUyeIJ1V2l9hpR7MtxlZSqcl9mHajpm0lTHXO/7/GZNEzQbgJ+hf114\nXw1sfk7K2h4jDfWxnm7q7QKBgAt9So2BD4zPXzOxmtwNs/A8eb4zGBBu0Gn4tWXA\np4Jy0XPBpZIdvcV4Rr3BOHxrA+6kvZVAq72W3QpKdxyKh4Jjg2XIt8zBOiMg23bz\nzHuuEfgeGDdYwtUKRt4Sn/XcAo4ZWmIFGLkXYNCqydoPOdjqiSTP/9RWdwHEo0U/\n1eQBAoGBAIcc8FXDqmy7RLVqIrwPAdXiefHT+alJwGYdPeI1FOW2T5767ZeVjS2/\nDS24qX5gZgrtNvcd3jQ3KPiBE6kR0gLqgB9T+5EKWL3P6+/jNuPpd4ceqLZBM30m\nTy4p1hnS5Z31kRvvv6gcfXLA34OBpfiuTpRyhdXN+GomcFC9x0st\n-----END RSA PRIVATE KEY-----"
            },
            "data_json": "{\"access_key\":\"AKIATSXB26MEDTHTVND7\",\"secret_key\":\"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\",\"ssh_key_value\":\"-----BEGIN RSA PRIVATE KEY-----\\nMIIEowIBAAKCAQEAmb+ysmUZiPxcl2XZDPK3sLKcnF5OeYwvgqntxeetF+ZLGMI+\\nPGN9a7y0Lvpy/sYQDmcJKTljngx4hkW/mVDejdkW0/T6iaFz8qKTLHx53SmsY0BM\\ne9dARv4L0wqFTB+maZOtKdCHHp/y1Czo8+Rzt3Jc/+CUxGty5E/qRn0oJvIwDKP+\\nL9Be17+Vargv3FoFbcgqn5pZKrgZTfo+AKcHOeMk+HC0WE8xHd92pbR5zwxxMExM\\nCgZkhSOINdITQvetIc8vQMrR6vDfeXLav1+NI0d87Z4xHcq5ogjDOyi4LIGEIuP4\\ntN9QX2Q05E/h1Fxb31LhShxCsUn1VomSz03diQIDAQABAoIBAEwslAaa3HnoPp+s\\nEEu//Y6ID9vRRaQm9msQcgO5cyMCMHbF1jvpNvyn88XKxCrCSrY4CmvoSRjHKPet\\nmu4FCR7STeMZ3v9NhLrUHYLO8TnIKebKtpos3WXO/GDFN6GtlK9+QS8UZ72elZrV\\n3Vzo9QQQn08PH+XpLnU7uuDNpZUVaGrgd/L7fLrELXWEdlX3360SJ9P5rIi3qlOa\\nPUcMrqAQpGbDGZ5OBz3gcDoNRZePmn2rWZnoPIgTckvh2VEjTLlNWrwxVoW+4NGN\\nfsMy9lG4PYtG9H5VOiafz30aHyrk9V1Heb0Sk04riMZEiDY/T4Rwddu7Kt0Bnyjj\\nCiOGoWECgYEAyLk7mvEfh84BHFfkut8nrnZW1FjjMnAdcP5RJ8c9KUO7T/Ne6ZvT\\nZ1umwgLeFPxGFbA52HVJTi4iATjMVYIkhgWk70AiKrS+AMHkAjtzM+r6d0Xr4YHu\\n3j7gsweAfy1B9ojH5Y8rJSPJpZw6+uNfnLjYVoHAE7WHVmwzOzQwOJ0CgYEAxBbN\\nhQp4ZDHeEi/nT4EQ7eTulA5IxLmoDWh9w5p78LBCklcFlY3b8olY73bQ6MRKPnHh\\nu53u0T2CNdVtRGBFILwefIqBbnftFyIKHuJcw+dPWImfS8xpdBLtW0yrO3b2AdxM\\nfdT7nM6G77T3yjSG8Vve488+J+Ljv7WrU2g1lt0CgYAYirVj+2lchG6UVZbM1m4W\\nobd6HSgiSZz/7MhlcbHjsrlbTCllrLzLXWRlQk5/CF1VV4erFKQS4AceWSB6r//h\\nNx10d0X2LMUyeIJ1V2l9hpR7MtxlZSqcl9mHajpm0lTHXO/7/GZNEzQbgJ+hf114\\nXw1sfk7K2h4jDfWxnm7q7QKBgAt9So2BD4zPXzOxmtwNs/A8eb4zGBBu0Gn4tWXA\\np4Jy0XPBpZIdvcV4Rr3BOHxrA+6kvZVAq72W3QpKdxyKh4Jjg2XIt8zBOiMg23bz\\nzHuuEfgeGDdYwtUKRt4Sn/XcAo4ZWmIFGLkXYNCqydoPOdjqiSTP/9RWdwHEo0U/\\n1eQBAoGBAIcc8FXDqmy7RLVqIrwPAdXiefHT+alJwGYdPeI1FOW2T5767ZeVjS2/\\nDS24qX5gZgrtNvcd3jQ3KPiBE6kR0gLqgB9T+5EKWL3P6+/jNuPpd4ceqLZBM30m\\nTy4p1hnS5Z31kRvvv6gcfXLA34OBpfiuTpRyhdXN+GomcFC9x0st\\n-----END RSA PRIVATE KEY-----\"}",
            "id": "kv/aws_approvalproject",
            "lease_duration": 0,
            "lease_id": "",
            "lease_renewable": false,
            "lease_start_time": "2023-09-26T10:09:56Z",
            "namespace": null,
            "path": "kv/aws_approvalproject",
            "version": -1,
            "with_lease_start_time": true
          },
          "sensitive_attributes": []
        }
      ]
    },
    {
      "mode": "managed",
      "type": "aws_db_instance",
      "name": "mysql_db",
      "provider": "provider[\"registry.terraform.io/hashicorp/aws\"]",
      "instances": [
        {
          "schema_version": 2,
          "attributes": {
            "address": "testdb.cahosevfskzq.eu-west-1.rds.amazonaws.com",
            "allocated_storage": 20,
            "allow_major_version_upgrade": null,
            "apply_immediately": false,
            "arn": "arn:aws:rds:eu-west-1:246360503048:db:testdb",
            "auto_minor_version_upgrade": true,
            "availability_zone": "eu-west-1a",
            "backup_retention_period": 0,
            "backup_target": "region",
            "backup_window": "00:05-00:35",
            "blue_green_update": [],
            "ca_cert_identifier": "rds-ca-2019",
            "character_set_name": "",
            "copy_tags_to_snapshot": false,
            "custom_iam_instance_profile": "",
            "customer_owned_ip_enabled": false,
            "db_name": "",
            "db_subnet_group_name": "default",
            "delete_automated_backups": true,
            "deletion_protection": false,
            "domain": "",
            "domain_iam_role_name": "",
            "enabled_cloudwatch_logs_exports": [],
            "endpoint": "testdb.cahosevfskzq.eu-west-1.rds.amazonaws.com:3306",
            "engine": "mysql",
            "engine_version": "5.7",
            "engine_version_actual": "5.7.42",
            "final_snapshot_identifier": null,
            "hosted_zone_id": "Z29XKXDKYMONMX",
            "iam_database_authentication_enabled": false,
            "id": "db-C6DUAUFXDKZCA3IEWO6G3E2HBA",
            "identifier": "testdb",
            "identifier_prefix": "",
            "instance_class": "db.t2.micro",
            "iops": 0,
            "kms_key_id": "",
            "latest_restorable_time": "",
            "license_model": "general-public-license",
            "listener_endpoint": [],
            "maintenance_window": "sun:05:21-sun:05:51",
            "manage_master_user_password": null,
            "master_user_secret": [],
            "master_user_secret_kms_key_id": null,
            "max_allocated_storage": 0,
            "monitoring_interval": 0,
            "monitoring_role_arn": "",
            "multi_az": false,
            "nchar_character_set_name": "",
            "network_type": "IPV4",
            "option_group_name": "default:mysql-5-7",
            "parameter_group_name": "default.mysql5.7",
            "password": "dev_user_pass_123!",
            "performance_insights_enabled": false,
            "performance_insights_kms_key_id": "",
            "performance_insights_retention_period": 0,
            "port": 3306,
            "publicly_accessible": false,
            "replica_mode": "",
            "replicas": [],
            "replicate_source_db": "",
            "resource_id": "db-C6DUAUFXDKZCA3IEWO6G3E2HBA",
            "restore_to_point_in_time": [],
            "s3_import": [],
            "skip_final_snapshot": true,
            "snapshot_identifier": null,
            "status": "available",
            "storage_encrypted": false,
            "storage_throughput": 0,
            "storage_type": "gp2",
            "tags": {},
            "tags_all": {},
            "timeouts": null,
            "timezone": "",
            "username": "dev_user",
            "vpc_security_group_ids": [
              "sg-083e4b2df3b26be54"
            ]
          },
          "sensitive_attributes": [],
          "private": "eyJlMmJmYjczMC1lY2FhLTExZTYtOGY4OC0zNDM2M2JjN2M0YzAiOnsiY3JlYXRlIjoyNDAwMDAwMDAwMDAwLCJkZWxldGUiOjM2MDAwMDAwMDAwMDAsInVwZGF0ZSI6NDgwMDAwMDAwMDAwMH0sInNjaGVtYV92ZXJzaW9uIjoiMiJ9",
          "dependencies": [
            "data.vault_generic_secret.secret"
          ]
        }
      ]
    },
    {
      "mode": "managed",
      "type": "aws_instance",
      "name": "web_server",
      "provider": "provider[\"registry.terraform.io/hashicorp/aws\"]",
      "instances": [
        {
          "status": "tainted",
          "schema_version": 1,
          "attributes": {
            "ami": "ami-08f32efd140b7d89f",
            "arn": "arn:aws:ec2:eu-west-1:246360503048:instance/i-0380dd0cbc0c465d8",
            "associate_public_ip_address": true,
            "availability_zone": "eu-west-1a",
            "capacity_reservation_specification": [
              {
                "capacity_reservation_preference": "open",
                "capacity_reservation_target": []
              }
            ],
            "cpu_core_count": 1,
            "cpu_options": [
              {
                "amd_sev_snp": "",
                "core_count": 1,
                "threads_per_core": 1
              }
            ],
            "cpu_threads_per_core": 1,
            "credit_specification": [
              {
                "cpu_credits": "standard"
              }
            ],
            "disable_api_stop": false,
            "disable_api_termination": false,
            "ebs_block_device": [],
            "ebs_optimized": false,
            "enclave_options": [
              {
                "enabled": false
              }
            ],
            "ephemeral_block_device": [],
            "get_password_data": false,
            "hibernation": false,
            "host_id": "",
            "host_resource_group_arn": null,
            "iam_instance_profile": "",
            "id": "i-0380dd0cbc0c465d8",
            "instance_initiated_shutdown_behavior": "stop",
            "instance_lifecycle": "",
            "instance_market_options": [],
            "instance_state": "running",
            "instance_type": "t2.micro",
            "ipv6_address_count": 0,
            "ipv6_addresses": [],
            "key_name": "aws_docshare",
            "launch_template": [],
            "maintenance_options": [
              {
                "auto_recovery": "default"
              }
            ],
            "metadata_options": [
              {
                "http_endpoint": "enabled",
                "http_protocol_ipv6": "disabled",
                "http_put_response_hop_limit": 2,
                "http_tokens": "required",
                "instance_metadata_tags": "disabled"
              }
            ],
            "monitoring": false,
            "network_interface": [],
            "outpost_arn": "",
            "password_data": "",
            "placement_group": "",
            "placement_partition_number": 0,
            "primary_network_interface_id": "eni-0de569f1642dd2431",
            "private_dns": "ip-172-31-27-26.eu-west-1.compute.internal",
            "private_dns_name_options": [
              {
                "enable_resource_name_dns_a_record": false,
                "enable_resource_name_dns_aaaa_record": false,
                "hostname_type": "ip-name"
              }
            ],
            "private_ip": "172.31.27.26",
            "public_dns": "ec2-34-240-234-86.eu-west-1.compute.amazonaws.com",
            "public_ip": "34.240.234.86",
            "root_block_device": [
              {
                "delete_on_termination": true,
                "device_name": "/dev/xvda",
                "encrypted": false,
                "iops": 3000,
                "kms_key_id": "",
                "tags": {},
                "throughput": 125,
                "volume_id": "vol-0df321fbaef71f4bc",
                "volume_size": 8,
                "volume_type": "gp3"
              }
            ],
            "secondary_private_ips": [],
            "security_groups": [
              "web_server_sg"
            ],
            "source_dest_check": true,
            "spot_instance_request_id": "",
            "subnet_id": "subnet-00146b1a598655946",
            "tags": {
              "Environment": "Dev",
              "Name": "Web Server"
            },
            "tags_all": {
              "Environment": "Dev",
              "Name": "Web Server"
            },
            "tenancy": "default",
            "timeouts": null,
            "user_data": null,
            "user_data_base64": null,
            "user_data_replace_on_change": false,
            "volume_tags": null,
            "vpc_security_group_ids": [
              "sg-001be02462a9c49b9"
            ]
          },
          "sensitive_attributes": [],
          "private": "eyJlMmJmYjczMC1lY2FhLTExZTYtOGY4OC0zNDM2M2JjN2M0YzAiOnsiY3JlYXRlIjo2MDAwMDAwMDAwMDAsImRlbGV0ZSI6MTIwMDAwMDAwMDAwMCwidXBkYXRlIjo2MDAwMDAwMDAwMDB9LCJzY2hlbWFfdmVyc2lvbiI6IjEifQ==",
          "dependencies": [
            "aws_security_group.web_server_sg",
            "data.aws_ami.ami_number",
            "data.vault_generic_secret.secret"
          ]
        }
      ]
    },
    {
      "mode": "managed",
      "type": "aws_security_group",
      "name": "web_server_sg",
      "provider": "provider[\"registry.terraform.io/hashicorp/aws\"]",
      "instances": [
        {
          "schema_version": 1,
          "attributes": {
            "arn": "arn:aws:ec2:eu-west-1:246360503048:security-group/sg-001be02462a9c49b9",
            "description": "Security group for web server",
            "egress": [
              {
                "cidr_blocks": [
                  "0.0.0.0/0"
                ],
                "description": "",
                "from_port": 0,
                "ipv6_cidr_blocks": [
                  "::/0"
                ],
                "prefix_list_ids": [],
                "protocol": "-1",
                "security_groups": [],
                "self": false,
                "to_port": 0
              }
            ],
            "id": "sg-001be02462a9c49b9",
            "ingress": [
              {
                "cidr_blocks": [
                  "0.0.0.0/0"
                ],
                "description": "http",
                "from_port": 80,
                "ipv6_cidr_blocks": [],
                "prefix_list_ids": [],
                "protocol": "tcp",
                "security_groups": [],
                "self": false,
                "to_port": 80
              },
              {
                "cidr_blocks": [
                  "0.0.0.0/0"
                ],
                "description": "https",
                "from_port": 443,
                "ipv6_cidr_blocks": [],
                "prefix_list_ids": [],
                "protocol": "tcp",
                "security_groups": [],
                "self": false,
                "to_port": 443
              },
              {
                "cidr_blocks": [
                  "0.0.0.0/0"
                ],
                "description": "ssh",
                "from_port": 22,
                "ipv6_cidr_blocks": [],
                "prefix_list_ids": [],
                "protocol": "tcp",
                "security_groups": [],
                "self": false,
                "to_port": 22
              },
              {
                "cidr_blocks": [
                  "0.0.0.0/0"
                ],
                "description": "tomcat",
                "from_port": 8080,
                "ipv6_cidr_blocks": [],
                "prefix_list_ids": [],
                "protocol": "tcp",
                "security_groups": [],
                "self": false,
                "to_port": 8080
              }
            ],
            "name": "web_server_sg",
            "name_prefix": "",
            "owner_id": "246360503048",
            "revoke_rules_on_delete": false,
            "tags": {},
            "tags_all": {},
            "timeouts": null,
            "vpc_id": "vpc-0e5a02151d2341553"
          },
          "sensitive_attributes": [],
          "private": "eyJlMmJmYjczMC1lY2FhLTExZTYtOGY4OC0zNDM2M2JjN2M0YzAiOnsiY3JlYXRlIjo2MDAwMDAwMDAwMDAsImRlbGV0ZSI6OTAwMDAwMDAwMDAwfSwic2NoZW1hX3ZlcnNpb24iOiIxIn0=",
          "dependencies": [
            "data.vault_generic_secret.secret"
          ]
        }
      ]
    }
  ],
  "check_results": null
}
